// !$*UTF8*$!
{
	archiveVersion = 1;
	classes = {
	};
	objectVersion = 46;
	objects = {

/* Begin PBXBuildFile section */
		56129BE1E3EE2805624B75AB /* Pods_SRS_community.framework in Frameworks */ = {isa = PBXBuildFile; fileRef = 530EF2279779772BEBB691A9 /* Pods_SRS_community.framework */; };
		8F1152B31E2E14190013B347 /* AppDelegate.swift in Sources */ = {isa = PBXBuildFile; fileRef = 8F1152B21E2E14190013B347 /* AppDelegate.swift */; };
		8F1152B51E2E14190013B347 /* SignInVC.swift in Sources */ = {isa = PBXBuildFile; fileRef = 8F1152B41E2E14190013B347 /* SignInVC.swift */; };
		8F1152B81E2E14190013B347 /* Main.storyboard in Resources */ = {isa = PBXBuildFile; fileRef = 8F1152B61E2E14190013B347 /* Main.storyboard */; };
		8F1152BA1E2E14190013B347 /* Assets.xcassets in Resources */ = {isa = PBXBuildFile; fileRef = 8F1152B91E2E14190013B347 /* Assets.xcassets */; };
		8F1152BD1E2E14190013B347 /* LaunchScreen.storyboard in Resources */ = {isa = PBXBuildFile; fileRef = 8F1152BB1E2E14190013B347 /* LaunchScreen.storyboard */; };
		8F1152C51E2E14C70013B347 /* GoogleService-Info.plist in Resources */ = {isa = PBXBuildFile; fileRef = 8F1152C41E2E14C70013B347 /* GoogleService-Info.plist */; };
		8F1152CA1E2E23EC0013B347 /* CustomView.swift in Sources */ = {isa = PBXBuildFile; fileRef = 8F1152C91E2E23EC0013B347 /* CustomView.swift */; };
		8F1152CD1E2E24760013B347 /* Constants.swift in Sources */ = {isa = PBXBuildFile; fileRef = 8F1152CC1E2E24760013B347 /* Constants.swift */; };
		8F1152CF1E2E25DA0013B347 /* CustomButton.swift in Sources */ = {isa = PBXBuildFile; fileRef = 8F1152CE1E2E25DA0013B347 /* CustomButton.swift */; };
		8F1152D11E2E27B60013B347 /* customTF.swift in Sources */ = {isa = PBXBuildFile; fileRef = 8F1152D01E2E27B60013B347 /* customTF.swift */; };
/* End PBXBuildFile section */

/* Begin PBXFileReference section */
		0FF998D5B3ED0B975D9EAA58 /* Pods-SRS community.debug.xcconfig */ = {isa = PBXFileReference; includeInIndex = 1; lastKnownFileType = text.xcconfig; name = "Pods-SRS community.debug.xcconfig"; path = "Pods/Target Support Files/Pods-SRS community/Pods-SRS community.debug.xcconfig"; sourceTree = "<group>"; };
		530EF2279779772BEBB691A9 /* Pods_SRS_community.framework */ = {isa = PBXFileReference; explicitFileType = wrapper.framework; includeInIndex = 0; path = Pods_SRS_community.framework; sourceTree = BUILT_PRODUCTS_DIR; };
		8F1152AF1E2E14190013B347 /* SRS community.app */ = {isa = PBXFileReference; explicitFileType = wrapper.application; includeInIndex = 0; path = "SRS community.app"; sourceTree = BUILT_PRODUCTS_DIR; };
		8F1152B21E2E14190013B347 /* AppDelegate.swift */ = {isa = PBXFileReference; lastKnownFileType = sourcecode.swift; path = AppDelegate.swift; sourceTree = "<group>"; };
		8F1152B41E2E14190013B347 /* SignInVC.swift */ = {isa = PBXFileReference; lastKnownFileType = sourcecode.swift; path = SignInVC.swift; sourceTree = "<group>"; };
		8F1152B71E2E14190013B347 /* Base */ = {isa = PBXFileReference; lastKnownFileType = file.storyboard; name = Base; path = Base.lproj/Main.storyboard; sourceTree = "<group>"; };
		8F1152B91E2E14190013B347 /* Assets.xcassets */ = {isa = PBXFileReference; lastKnownFileType = folder.assetcatalog; path = Assets.xcassets; sourceTree = "<group>"; };
		8F1152BC1E2E14190013B347 /* Base */ = {isa = PBXFileReference; lastKnownFileType = file.storyboard; name = Base; path = Base.lproj/LaunchScreen.storyboard; sourceTree = "<group>"; };
		8F1152BE1E2E14190013B347 /* Info.plist */ = {isa = PBXFileReference; lastKnownFileType = text.plist.xml; path = Info.plist; sourceTree = "<group>"; };
		8F1152C41E2E14C70013B347 /* GoogleService-Info.plist */ = {isa = PBXFileReference; fileEncoding = 4; lastKnownFileType = text.plist.xml; path = "GoogleService-Info.plist"; sourceTree = "<group>"; };
		8F1152C91E2E23EC0013B347 /* CustomView.swift */ = {isa = PBXFileReference; fileEncoding = 4; lastKnownFileType = sourcecode.swift; path = CustomView.swift; sourceTree = "<group>"; };
		8F1152CC1E2E24760013B347 /* Constants.swift */ = {isa = PBXFileReference; fileEncoding = 4; lastKnownFileType = sourcecode.swift; path = Constants.swift; sourceTree = "<group>"; };
		8F1152CE1E2E25DA0013B347 /* CustomButton.swift */ = {isa = PBXFileReference; fileEncoding = 4; lastKnownFileType = sourcecode.swift; path = CustomButton.swift; sourceTree = "<group>"; };
		8F1152D01E2E27B60013B347 /* customTF.swift */ = {isa = PBXFileReference; fileEncoding = 4; lastKnownFileType = sourcecode.swift; path = customTF.swift; sourceTree = "<group>"; };
		DD680D5547FD8B415EB45257 /* Pods-SRS community.release.xcconfig */ = {isa = PBXFileReference; includeInIndex = 1; lastKnownFileType = text.xcconfig; name = "Pods-SRS community.release.xcconfig"; path = "Pods/Target Support Files/Pods-SRS community/Pods-SRS community.release.xcconfig"; sourceTree = "<group>"; };
/* End PBXFileReference section */

/* Begin PBXFrameworksBuildPhase section */
		8F1152AC1E2E14180013B347 /* Frameworks */ = {
			isa = PBXFrameworksBuildPhase;
			buildActionMask = 2147483647;
			files = (
				56129BE1E3EE2805624B75AB /* Pods_SRS_community.framework in Frameworks */,
			);
			runOnlyForDeploymentPostprocessing = 0;
		};
/* End PBXFrameworksBuildPhase section */

/* Begin PBXGroup section */
		60D0A2FBC3D5502CFF31B230 /* Frameworks */ = {
			isa = PBXGroup;
			children = (
				530EF2279779772BEBB691A9 /* Pods_SRS_community.framework */,
			);
			name = Frameworks;
			sourceTree = "<group>";
		};
		8F1152A61E2E14180013B347 = {
			isa = PBXGroup;
			children = (
				8F1152B11E2E14190013B347 /* SRS community */,
				8F1152B01E2E14190013B347 /* Products */,
				CF66C3042039DFCD5ADD3818 /* Pods */,
				60D0A2FBC3D5502CFF31B230 /* Frameworks */,
			);
			sourceTree = "<group>";
		};
		8F1152B01E2E14190013B347 /* Products */ = {
			isa = PBXGroup;
			children = (
				8F1152AF1E2E14190013B347 /* SRS community.app */,
			);
			name = Products;
			sourceTree = "<group>";
		};
		8F1152B11E2E14190013B347 /* SRS community */ = {
			isa = PBXGroup;
			children = (
				8F1152CB1E2E24670013B347 /* Util */,
				8F1152C81E2E16E70013B347 /* Controller */,
				8F1152C71E2E16E20013B347 /* View */,
				8F1152C61E2E16D90013B347 /* Model */,
				8F1152B21E2E14190013B347 /* AppDelegate.swift */,
				8F1152B61E2E14190013B347 /* Main.storyboard */,
				8F1152B91E2E14190013B347 /* Assets.xcassets */,
				8F1152BB1E2E14190013B347 /* LaunchScreen.storyboard */,
				8F1152BE1E2E14190013B347 /* Info.plist */,
				8F1152C41E2E14C70013B347 /* GoogleService-Info.plist */,
			);
			path = "SRS community";
			sourceTree = "<group>";
		};
		8F1152C61E2E16D90013B347 /* Model */ = {
			isa = PBXGroup;
			children = (
			);
			name = Model;
			sourceTree = "<group>";
		};
		8F1152C71E2E16E20013B347 /* View */ = {
			isa = PBXGroup;
			children = (
				8F1152C91E2E23EC0013B347 /* CustomView.swift */,
				8F1152CE1E2E25DA0013B347 /* CustomButton.swift */,
				8F1152D01E2E27B60013B347 /* customTF.swift */,
			);
			name = View;
			sourceTree = "<group>";
		};
		8F1152C81E2E16E70013B347 /* Controller */ = {
			isa = PBXGroup;
			children = (
				8F1152B41E2E14190013B347 /* SignInVC.swift */,
			);
			name = Controller;
			sourceTree = "<group>";
		};
		8F1152CB1E2E24670013B347 /* Util */ = {
			isa = PBXGroup;
			children = (
				8F1152CC1E2E24760013B347 /* Constants.swift */,
			);
			name = Util;
			sourceTree = "<group>";
		};
		CF66C3042039DFCD5ADD3818 /* Pods */ = {
			isa = PBXGroup;
			children = (
				0FF998D5B3ED0B975D9EAA58 /* Pods-SRS community.debug.xcconfig */,
				DD680D5547FD8B415EB45257 /* Pods-SRS community.release.xcconfig */,
			);
			name = Pods;
			sourceTree = "<group>";
		};
/* End PBXGroup section */

/* Begin PBXNativeTarget section */
		8F1152AE1E2E14180013B347 /* SRS community */ = {
			isa = PBXNativeTarget;
			buildConfigurationList = 8F1152C11E2E14190013B347 /* Build configuration list for PBXNativeTarget "SRS community" */;
			buildPhases = (
				3D79FD3D8410884DC67E0A85 /* [CP] Check Pods Manifest.lock */,
				8F1152AB1E2E14180013B347 /* Sources */,
				8F1152AC1E2E14180013B347 /* Frameworks */,
				8F1152AD1E2E14180013B347 /* Resources */,
				728904DED19F734FBB3B89E0 /* [CP] Embed Pods Frameworks */,
				FBC82A6E26ADF8EA3512EC64 /* [CP] Copy Pods Resources */,
			);
			buildRules = (
			);
			dependencies = (
			);
			name = "SRS community";
			productName = "SRS community";
			productReference = 8F1152AF1E2E14190013B347 /* SRS community.app */;
			productType = "com.apple.product-type.application";
		};
/* End PBXNativeTarget section */

/* Begin PBXProject section */
		8F1152A71E2E14180013B347 /* Project object */ = {
			isa = PBXProject;
			attributes = {
				LastSwiftUpdateCheck = 0810;
				LastUpgradeCheck = 0810;
				ORGANIZATIONNAME = ShowRescueService;
				TargetAttributes = {
					8F1152AE1E2E14180013B347 = {
						CreatedOnToolsVersion = 8.1;
						DevelopmentTeam = 62243R676H;
						ProvisioningStyle = Automatic;
					};
				};
			};
			buildConfigurationList = 8F1152AA1E2E14180013B347 /* Build configuration list for PBXProject "SRS community" */;
			compatibilityVersion = "Xcode 3.2";
			developmentRegion = English;
			hasScannedForEncodings = 0;
			knownRegions = (
				en,
				Base,
			);
			mainGroup = 8F1152A61E2E14180013B347;
			productRefGroup = 8F1152B01E2E14190013B347 /* Products */;
			projectDirPath = "";
			projectRoot = "";
			targets = (
				8F1152AE1E2E14180013B347 /* SRS community */,
			);
		};
/* End PBXProject section */

/* Begin PBXResourcesBuildPhase section */
		8F1152AD1E2E14180013B347 /* Resources */ = {
			isa = PBXResourcesBuildPhase;
			buildActionMask = 2147483647;
			files = (
				8F1152BD1E2E14190013B347 /* LaunchScreen.storyboard in Resources */,
				8F1152C51E2E14C70013B347 /* GoogleService-Info.plist in Resources */,
				8F1152BA1E2E14190013B347 /* Assets.xcassets in Resources */,
				8F1152B81E2E14190013B347 /* Main.storyboard in Resources */,
			);
			runOnlyForDeploymentPostprocessing = 0;
		};
/* End PBXResourcesBuildPhase section */

/* Begin PBXShellScriptBuildPhase section */
		3D79FD3D8410884DC67E0A85 /* [CP] Check Pods Manifest.lock */ = {
			isa = PBXShellScriptBuildPhase;
			buildActionMask = 2147483647;
			files = (
			);
			inputPaths = (
			);
			name = "[CP] Check Pods Manifest.lock";
			outputPaths = (
			);
			runOnlyForDeploymentPostprocessing = 0;
			shellPath = /bin/sh;
			shellScript = "diff \"${PODS_ROOT}/../Podfile.lock\" \"${PODS_ROOT}/Manifest.lock\" > /dev/null\nif [[ $? != 0 ]] ; then\n    cat << EOM\nerror: The sandbox is not in sync with the Podfile.lock. Run 'pod install' or update your CocoaPods installation.\nEOM\n    exit 1\nfi\n";
			showEnvVarsInLog = 0;
		};
		728904DED19F734FBB3B89E0 /* [CP] Embed Pods Frameworks */ = {
			isa = PBXShellScriptBuildPhase;
			buildActionMask = 2147483647;
			files = (
			);
			inputPaths = (
			);
			name = "[CP] Embed Pods Frameworks";
			outputPaths = (
			);
			runOnlyForDeploymentPostprocessing = 0;
			shellPath = /bin/sh;
			shellScript = "\"${SRCROOT}/Pods/Target Support Files/Pods-SRS community/Pods-SRS community-frameworks.sh\"\n";
			showEnvVarsInLog = 0;
		};
		FBC82A6E26ADF8EA3512EC64 /* [CP] Copy Pods Resources */ = {
			isa = PBXShellScriptBuildPhase;
			buildActionMask = 2147483647;
			files = (
			);
			inputPaths = (
			);
			name = "[CP] Copy Pods Resources";
			outputPaths = (
			);
			runOnlyForDeploymentPostprocessing = 0;
			shellPath = /bin/sh;
			shellScript = "\"${SRCROOT}/Pods/Target Support Files/Pods-SRS community/Pods-SRS community-resources.sh\"\n";
			showEnvVarsInLog = 0;
		};
/* End PBXShellScriptBuildPhase section */

/* Begin PBXSourcesBuildPhase section */
		8F1152AB1E2E14180013B347 /* Sources */ = {
			isa = PBXSourcesBuildPhase;
			buildActionMask = 2147483647;
			files = (
				8F1152CA1E2E23EC0013B347 /* CustomView.swift in Sources */,
				8F1152B51E2E14190013B347 /* SignInVC.swift in Sources */,
				8F1152B31E2E14190013B347 /* AppDelegate.swift in Sources */,
				8F1152CD1E2E24760013B347 /* Constants.swift in Sources */,
				8F1152D11E2E27B60013B347 /* customTF.swift in Sources */,
				8F1152CF1E2E25DA0013B347 /* CustomButton.swift in Sources */,
			);
			runOnlyForDeploymentPostprocessing = 0;
		};
/* End PBXSourcesBuildPhase section */

/* Begin PBXVariantGroup section */
		8F1152B61E2E14190013B347 /* Main.storyboard */ = {
			isa = PBXVariantGroup;
			children = (
				8F1152B71E2E14190013B347 /* Base */,
			);
			name = Main.storyboard;
			sourceTree = "<group>";
		};
		8F1152BB1E2E14190013B347 /* LaunchScreen.storyboard */ = {
			isa = PBXVariantGroup;
			children = (
				8F1152BC1E2E14190013B347 /* Base */,
			);
			name = LaunchScreen.storyboard;
			sourceTree = "<group>";
		};
/* End PBXVariantGroup section */

/* Begin XCBuildConfiguration section */
		8F1152BF1E2E14190013B347 /* Debug */ = {
			isa = XCBuildConfiguration;
			buildSettings = {
				ALWAYS_SEARCH_USER_PATHS = NO;
				CLANG_ANALYZER_NONNULL = YES;
				CLANG_CXX_LANGUAGE_STANDARD = "gnu++0x";
				CLANG_CXX_LIBRARY = "libc++";
				CLANG_ENABLE_MODULES = YES;
				CLANG_ENABLE_OBJC_ARC = YES;
				CLANG_WARN_BOOL_CONVERSION = YES;
				CLANG_WARN_CONSTANT_CONVERSION = YES;
				CLANG_WARN_DIRECT_OBJC_ISA_USAGE = YES_ERROR;
				CLANG_WARN_DOCUMENTATION_COMMENTS = YES;
				CLANG_WARN_EMPTY_BODY = YES;
				CLANG_WARN_ENUM_CONVERSION = YES;
				CLANG_WARN_INFINITE_RECURSION = YES;
				CLANG_WARN_INT_CONVERSION = YES;
				CLANG_WARN_OBJC_ROOT_CLASS = YES_ERROR;
				CLANG_WARN_SUSPICIOUS_MOVES = YES;
				CLANG_WARN_UNREACHABLE_CODE = YES;
				CLANG_WARN__DUPLICATE_METHOD_MATCH = YES;
				"CODE_SIGN_IDENTITY[sdk=iphoneos*]" = "iPhone Developer";
				COPY_PHASE_STRIP = NO;
				DEBUG_INFORMATION_FORMAT = dwarf;
				ENABLE_STRICT_OBJC_MSGSEND = YES;
				ENABLE_TESTABILITY = YES;
				GCC_C_LANGUAGE_STANDARD = gnu99;
				GCC_DYNAMIC_NO_PIC = NO;
				GCC_NO_COMMON_BLOCKS = YES;
				GCC_OPTIMIZATION_LEVEL = 0;
				GCC_PREPROCESSOR_DEFINITIONS = (
					"DEBUG=1",
					"$(inherited)",
				);
				GCC_WARN_64_TO_32_BIT_CONVERSION = YES;
				GCC_WARN_ABOUT_RETURN_TYPE = YES_ERROR;
				GCC_WARN_UNDECLARED_SELECTOR = YES;
				GCC_WARN_UNINITIALIZED_AUTOS = YES_AGGRESSIVE;
				GCC_WARN_UNUSED_FUNCTION = YES;
				GCC_WARN_UNUSED_VARIABLE = YES;
				IPHONEOS_DEPLOYMENT_TARGET = 10.1;
				MTL_ENABLE_DEBUG_INFO = YES;
				ONLY_ACTIVE_ARCH = YES;
				SDKROOT = iphoneos;
				SWIFT_ACTIVE_COMPILATION_CONDITIONS = DEBUG;
				SWIFT_OPTIMIZATION_LEVEL = "-Onone";
				TARGETED_DEVICE_FAMILY = "1,2";
			};
			name = Debug;
		};
		8F1152C01E2E14190013B347 /* Release */ = {
			isa = XCBuildConfiguration;
			buildSettings = {
				ALWAYS_SEARCH_USER_PATHS = NO;
				CLANG_ANALYZER_NONNULL = YES;
				CLANG_CXX_LANGUAGE_STANDARD = "gnu++0x";
				CLANG_CXX_LIBRARY = "libc++";
				CLANG_ENABLE_MODULES = YES;
				CLANG_ENABLE_OBJC_ARC = YES;
				CLANG_WARN_BOOL_CONVERSION = YES;
				CLANG_WARN_CONSTANT_CONVERSION = YES;
				CLANG_WARN_DIRECT_OBJC_ISA_USAGE = YES_ERROR;
				CLANG_WARN_DOCUMENTATION_COMMENTS = YES;
				CLANG_WARN_EMPTY_BODY = YES;
				CLANG_WARN_ENUM_CONVERSION = YES;
				CLANG_WARN_INFINITE_RECURSION = YES;
				CLANG_WARN_INT_CONVERSION = YES;
				CLANG_WARN_OBJC_ROOT_CLASS = YES_ERROR;
				CLANG_WARN_SUSPICIOUS_MOVES = YES;
				CLANG_WARN_UNREACHABLE_CODE = YES;
				CLANG_WARN__DUPLICATE_METHOD_MATCH = YES;
				"CODE_SIGN_IDENTITY[sdk=iphoneos*]" = "iPhone Developer";
				COPY_PHASE_STRIP = NO;
				DEBUG_INFORMATION_FORMAT = "dwarf-with-dsym";
				ENABLE_NS_ASSERTIONS = NO;
				ENABLE_STRICT_OBJC_MSGSEND = YES;
				GCC_C_LANGUAGE_STANDARD = gnu99;
				GCC_NO_COMMON_BLOCKS = YES;
				GCC_WARN_64_TO_32_BIT_CONVERSION = YES;
				GCC_WARN_ABOUT_RETURN_TYPE = YES_ERROR;
				GCC_WARN_UNDECLARED_SELECTOR = YES;
				GCC_WARN_UNINITIALIZED_AUTOS = YES_AGGRESSIVE;
				GCC_WARN_UNUSED_FUNCTION = YES;
				GCC_WARN_UNUSED_VARIABLE = YES;
				IPHONEOS_DEPLOYMENT_TARGET = 10.1;
				MTL_ENABLE_DEBUG_INFO = NO;
				SDKROOT = iphoneos;
				SWIFT_OPTIMIZATION_LEVEL = "-Owholemodule";
				TARGETED_DEVICE_FAMILY = "1,2";
				VALIDATE_PRODUCT = YES;
			};
			name = Release;
		};
		8F1152C21E2E14190013B347 /* Debug */ = {
			isa = XCBuildConfiguration;
			baseConfigurationReference = 0FF998D5B3ED0B975D9EAA58 /* Pods-SRS community.debug.xcconfig */;
			buildSettings = {
				ASSETCATALOG_COMPILER_APPICON_NAME = AppIcon;
				DEVELOPMENT_TEAM = 62243R676H;
				INFOPLIST_FILE = "SRS community/Info.plist";
				LD_RUNPATH_SEARCH_PATHS = "$(inherited) @executable_path/Frameworks";
				PRODUCT_BUNDLE_IDENTIFIER = "com.ShowRescueService.SRS-community";
				PRODUCT_NAME = "$(TARGET_NAME)";
				SWIFT_VERSION = 3.0;
			};
			name = Debug;
		};
		8F1152C31E2E14190013B347 /* Release */ = {
			isa = XCBuildConfiguration;
			baseConfigurationReference = DD680D5547FD8B415EB45257 /* Pods-SRS community.release.xcconfig */;
			buildSettings = {
				ASSETCATALOG_COMPILER_APPICON_NAME = AppIcon;
				DEVELOPMENT_TEAM = 62243R676H;
				INFOPLIST_FILE = "SRS community/Info.plist";
				LD_RUNPATH_SEARCH_PATHS = "$(inherited) @executable_path/Frameworks";
				PRODUCT_BUNDLE_IDENTIFIER = "com.ShowRescueService.SRS-community";
				PRODUCT_NAME = "$(TARGET_NAME)";
				SWIFT_VERSION = 3.0;
			};
			name = Release;
		};
/* End XCBuildConfiguration section */

/* Begin XCConfigurationList section */
		8F1152AA1E2E14180013B347 /* Build configuration list for PBXProject "SRS community" */ = {
			isa = XCConfigurationList;
			buildConfigurations = (
				8F1152BF1E2E14190013B347 /* Debug */,
				8F1152C01E2E14190013B347 /* Release */,
			);
			defaultConfigurationIsVisible = 0;
			defaultConfigurationName = Release;
		};
		8F1152C11E2E14190013B347 /* Build configuration list for PBXNativeTarget "SRS community" */ = {
			isa = XCConfigurationList;
			buildConfigurations = (
				8F1152C21E2E14190013B347 /* Debug */,
				8F1152C31E2E14190013B347 /* Release */,
			);
			defaultConfigurationIsVisible = 0;
			defaultConfigurationName = Release;
		};
/* End XCConfigurationList section */
	};
	rootObject = 8F1152A71E2E14180013B347 /* Project object */;
}
